{
    "_readme": [
        "This file locks the dependencies of your project to a known state",
        "Read more about it at https://getcomposer.org/doc/01-basic-usage.md#composer-lock-the-lock-file",
        "This file is @generated automatically"
    ],
    "hash": "37a133f4cf3adac2343268291083fd07",
    "content-hash": "c75bb9c7e8d97139dbc6e9d43faa6504",
    "packages": [
        {
            "name": "reactjs/react-php-v8js",
            "version": "v2.0.0",
            "source": {
                "type": "git",
                "url": "https://github.com/reactjs/react-php-v8js.git",
                "reference": "5691f726b6e2ba07ccc566b6eff876ec01f4ba51"
            },
            "dist": {
                "type": "zip",
                "url": "https://api.github.com/repos/reactjs/react-php-v8js/zipball/5691f726b6e2ba07ccc566b6eff876ec01f4ba51",
                "reference": "5691f726b6e2ba07ccc566b6eff876ec01f4ba51",
                "shasum": ""
            },
            "require": {
                "ext-v8js": ">=0.1.3"
            },
            "type": "library",
            "autoload": {
                "classmap": [
                    "ReactJS.php"
                ]
            },
            "notification-url": "https://packagist.org/downloads/",
            "license": [
                "BSD-3-Clause"
            ],
            "description": "PHP library that renders React components on the server",
            "time": "2016-01-04 18:56:21"
        }
    ],
    "packages-dev": [],
    "aliases": [],
    "minimum-stability": "stable",
    "stability-flags": [],
    "prefer-stable": false,
    "prefer-lowest": false,
    "platform": {
        "php": "^7.0",
        "ext-v8js": "*"
    },
    "platform-dev": []
}
